
Microsoft Visual Studio Solution File, Format Version 12.00
# Visual Studio 15
Project("{FAE04EC0-301F-11D3-BF4B-00C04F79EFBC}") = "Assembly-CSharp", "Assembly-CSharp.csproj", "{13B61E21-4413-C9D7-2245-02EF4793E05B}"
EndProject
Project("{FAE04EC0-301F-11D3-BF4B-00C04F79EFBC}") = "Assembly-CSharp-Editor", "Assembly-CSharp-Editor.csproj", "{FC6450DF-0838-2FC7-AE23-1172C3DD848E}"
EndProject
Global
	GlobalSection(SolutionConfigurationPlatforms) = preSolution
		Debug|Any CPU = Debug|Any CPU
		Release|Any CPU = Release|Any CPU
	EndGlobalSection
	GlobalSection(ProjectConfigurationPlatforms) = postSolution
		{13B61E21-4413-C9D7-2245-02EF4793E05B}.Debug|Any CPU.ActiveCfg = Debug|Any CPU
		{13B61E21-4413-C9D7-2245-02EF4793E05B}.Debug|Any CPU.Build.0 = Debug|Any CPU
		{13B61E21-4413-C9D7-2245-02EF4793E05B}.Release|Any CPU.ActiveCfg = Release|Any CPU
		{13B61E21-4413-C9D7-2245-02EF4793E05B}.Release|Any CPU.Build.0 = Release|Any CPU
		{FC6450DF-0838-2FC7-AE23-1172C3DD848E}.Debug|Any CPU.ActiveCfg = Debug|Any CPU
		{FC6450DF-0838-2FC7-AE23-1172C3DD848E}.Debug|Any CPU.Build.0 = Debug|Any CPU
		{FC6450DF-0838-2FC7-AE23-1172C3DD848E}.Release|Any CPU.ActiveCfg = Release|Any CPU
		{FC6450DF-0838-2FC7-AE23-1172C3DD848E}.Release|Any CPU.Build.0 = Release|Any CPU
	EndGlobalSection
	GlobalSection(SolutionProperties) = preSolution
		HideSolutionNode = FALSE
	EndGlobalSection
	GlobalSection(MonoDevelopProperties) = preSolution
		StartupItem = Assembly-CSharp.csproj
	EndGlobalSection
EndGlobal
